
Microsoft Visual Studio Solution File, Format Version 12.00
# Visual Studio Version 17
VisualStudioVersion = 17.14.36616.10 d17.14
MinimumVisualStudioVersion = 10.0.40219.1
Project("{FAE04EC0-301F-11D3-BF4B-00C04F79EFBC}") = "AnimationConverter", "AnimationConverter\AnimationConverter.csproj", "{B6D83D1A-75C2-44D4-BF89-C4248A326C9D}"
EndProject
Project("{FAE04EC0-301F-11D3-BF4B-00C04F79EFBC}") = "HKLib", "..\HKLib\HKLib\HKLib.csproj", "{87D173FC-D1F4-6940-F7AB-B7501C717BCE}"
EndProject
Project("{FAE04EC0-301F-11D3-BF4B-00C04F79EFBC}") = "HKLib.Serialization", "..\HKLib\HKLib.Serialization\HKLib.Serialization.csproj", "{10687F50-7BB4-9149-B7AD-9367876DA5DE}"
EndProject
Project("{FAE04EC0-301F-11D3-BF4B-00C04F79EFBC}") = "HKLib.Reflection", "..\HKLib\HKLib.Reflection\HKLib.Reflection.csproj", "{141CA6B4-933A-40BA-E715-8F6EEA2EFD2B}"
EndProject
Project("{FAE04EC0-301F-11D3-BF4B-00C04F79EFBC}") = "IONET", "..\IONET\IONET\IONET.csproj", "{0157237A-01F4-3324-6F79-3A42E930286C}"
EndProject
Global
	GlobalSection(SolutionConfigurationPlatforms) = preSolution
		Debug|Any CPU = Debug|Any CPU
		Release|Any CPU = Release|Any CPU
	EndGlobalSection
	GlobalSection(ProjectConfigurationPlatforms) = postSolution
		{B6D83D1A-75C2-44D4-BF89-C4248A326C9D}.Debug|Any CPU.ActiveCfg = Debug|Any CPU
		{B6D83D1A-75C2-44D4-BF89-C4248A326C9D}.Debug|Any CPU.Build.0 = Debug|Any CPU
		{B6D83D1A-75C2-44D4-BF89-C4248A326C9D}.Release|Any CPU.ActiveCfg = Release|Any CPU
		{B6D83D1A-75C2-44D4-BF89-C4248A326C9D}.Release|Any CPU.Build.0 = Release|Any CPU
		{87D173FC-D1F4-6940-F7AB-B7501C717BCE}.Debug|Any CPU.ActiveCfg = Debug|Any CPU
		{87D173FC-D1F4-6940-F7AB-B7501C717BCE}.Debug|Any CPU.Build.0 = Debug|Any CPU
		{87D173FC-D1F4-6940-F7AB-B7501C717BCE}.Release|Any CPU.ActiveCfg = Release|Any CPU
		{87D173FC-D1F4-6940-F7AB-B7501C717BCE}.Release|Any CPU.Build.0 = Release|Any CPU
		{10687F50-7BB4-9149-B7AD-9367876DA5DE}.Debug|Any CPU.ActiveCfg = Debug|Any CPU
		{10687F50-7BB4-9149-B7AD-9367876DA5DE}.Debug|Any CPU.Build.0 = Debug|Any CPU
		{10687F50-7BB4-9149-B7AD-9367876DA5DE}.Release|Any CPU.ActiveCfg = Release|Any CPU
		{10687F50-7BB4-9149-B7AD-9367876DA5DE}.Release|Any CPU.Build.0 = Release|Any CPU
		{141CA6B4-933A-40BA-E715-8F6EEA2EFD2B}.Debug|Any CPU.ActiveCfg = Debug|Any CPU
		{141CA6B4-933A-40BA-E715-8F6EEA2EFD2B}.Debug|Any CPU.Build.0 = Debug|Any CPU
		{141CA6B4-933A-40BA-E715-8F6EEA2EFD2B}.Release|Any CPU.ActiveCfg = Release|Any CPU
		{141CA6B4-933A-40BA-E715-8F6EEA2EFD2B}.Release|Any CPU.Build.0 = Release|Any CPU
		{0157237A-01F4-3324-6F79-3A42E930286C}.Debug|Any CPU.ActiveCfg = Debug|Any CPU
		{0157237A-01F4-3324-6F79-3A42E930286C}.Debug|Any CPU.Build.0 = Debug|Any CPU
		{0157237A-01F4-3324-6F79-3A42E930286C}.Release|Any CPU.ActiveCfg = Release|Any CPU
		{0157237A-01F4-3324-6F79-3A42E930286C}.Release|Any CPU.Build.0 = Release|Any CPU
	EndGlobalSection
	GlobalSection(SolutionProperties) = preSolution
		HideSolutionNode = FALSE
	EndGlobalSection
	GlobalSection(ExtensibilityGlobals) = postSolution
		SolutionGuid = {5A02F173-D475-461E-B7D2-8F5B1508F57A}
	EndGlobalSection
EndGlobal
